{
    "_readme": [
        "This file locks the dependencies of your project to a known state",
        "Read more about it at https://getcomposer.org/doc/01-basic-usage.md#installing-dependencies",
        "This file is @generated automatically"
    ],
    "content-hash": "f169f43293d12945ef5c04112c37f35a",
    "packages": [
        {
            "name": "calcinai/xero-php",
            "version": "v1.8.2",
            "source": {
                "type": "git",
                "url": "https://github.com/calcinai/xero-php.git",
                "reference": "1e251d212bdef0e51b5761d3145bfc736ac52bb2"
            },
            "dist": {
                "type": "zip",
                "url": "https://api.github.com/repos/calcinai/xero-php/zipball/1e251d212bdef0e51b5761d3145bfc736ac52bb2",
                "reference": "1e251d212bdef0e51b5761d3145bfc736ac52bb2",
                "shasum": ""
            },
            "require": {
                "ext-curl": "*",
                "ext-openssl": "*",
                "php": ">=5.5.0"
            },
            "require-dev": {
                "fabpot/goutte": "~2.0",
                "phpunit/phpunit": "~4.7",
                "twig/twig": "1.16.2"
            },
            "type": "library",
            "autoload": {
                "psr-4": {
                    "XeroPHP\\": "src/XeroPHP/"
                }
            },
            "notification-url": "https://packagist.org/downloads/",
            "license": [
                "MIT"
            ],
            "description": "A client implementation of the Xero API, with a cleaner OAuth interface and ORM-like abstraction.",
            "homepage": "https://github.com/calcinai/xero-php",
            "time": "2018-06-05T08:03:20+00:00"
        }
    ],
    "packages-dev": [],
    "aliases": [],
    "minimum-stability": "stable",
    "stability-flags": [],
    "prefer-stable": false,
    "prefer-lowest": false,
    "platform": [],
    "platform-dev": []
}
